
Microsoft Visual Studio Solution File, Format Version 12.00
# Visual Studio Version 17
VisualStudioVersion = 17.5.002.0
MinimumVisualStudioVersion = 10.0.40219.1
Project("{9A19103F-16F7-4668-BE54-9A1E7A4F7556}") = "DesafioProjetoHospedagem", "DesafioProjetoHospedagem.csproj", "{B31F390A-D96F-48F2-8F6A-0FB6D8AD5141}"
EndProject
Global
	GlobalSection(SolutionConfigurationPlatforms) = preSolution
		Debug|Any CPU = Debug|Any CPU
		Release|Any CPU = Release|Any CPU
	EndGlobalSection
	GlobalSection(ProjectConfigurationPlatforms) = postSolution
		{B31F390A-D96F-48F2-8F6A-0FB6D8AD5141}.Debug|Any CPU.ActiveCfg = Debug|Any CPU
		{B31F390A-D96F-48F2-8F6A-0FB6D8AD5141}.Debug|Any CPU.Build.0 = Debug|Any CPU
		{B31F390A-D96F-48F2-8F6A-0FB6D8AD5141}.Release|Any CPU.ActiveCfg = Release|Any CPU
		{B31F390A-D96F-48F2-8F6A-0FB6D8AD5141}.Release|Any CPU.Build.0 = Release|Any CPU
	EndGlobalSection
	GlobalSection(SolutionProperties) = preSolution
		HideSolutionNode = FALSE
	EndGlobalSection
	GlobalSection(ExtensibilityGlobals) = postSolution
		SolutionGuid = {D1B80F5B-3402-4D18-B420-86E862754CD9}
	EndGlobalSection
EndGlobal
